// !$*UTF8*$!
{
	archiveVersion = 1;
	classes = {
	};
	objectVersion = 46;
	objects = {

/* Begin PBXBuildFile section */
		1109E0541F08D8DC0074A97C /* RecordingListCell.swift in Sources */ = {isa = PBXBuildFile; fileRef = 1109E0521F08D8DC0074A97C /* RecordingListCell.swift */; };
		1109E0551F08D8DC0074A97C /* RecordingListCell.xib in Resources */ = {isa = PBXBuildFile; fileRef = 1109E0531F08D8DC0074A97C /* RecordingListCell.xib */; };
		1109E05D1F08D93A0074A97C /* TimerView.swift in Sources */ = {isa = PBXBuildFile; fileRef = 1109E05B1F08D93A0074A97C /* TimerView.swift */; };
		1109E05E1F08D93A0074A97C /* TimerView.xib in Resources */ = {isa = PBXBuildFile; fileRef = 1109E05C1F08D93A0074A97C /* TimerView.xib */; };
		610DFD7E1F058C1800420E95 /* Main.storyboard in Resources */ = {isa = PBXBuildFile; fileRef = 610DFD7A1F058C1800420E95 /* Main.storyboard */; };
		610DFD871F05A6F500420E95 /* AddEffectsViewController.swift in Sources */ = {isa = PBXBuildFile; fileRef = 610DFD841F05A6F500420E95 /* AddEffectsViewController.swift */; };
		610DFD881F05A6F500420E95 /* RecordingsListViewController.swift in Sources */ = {isa = PBXBuildFile; fileRef = 610DFD851F05A6F500420E95 /* RecordingsListViewController.swift */; };
		610DFD891F05A6F500420E95 /* RecordViewController.swift in Sources */ = {isa = PBXBuildFile; fileRef = 610DFD861F05A6F500420E95 /* RecordViewController.swift */; };
		6119E50C1EFAF041001B4E86 /* ShowAlertService.swift in Sources */ = {isa = PBXBuildFile; fileRef = 6119E50B1EFAF041001B4E86 /* ShowAlertService.swift */; };
		6119E50E1EFAF0BA001B4E86 /* DocumentsDirectoryService.swift in Sources */ = {isa = PBXBuildFile; fileRef = 6119E50D1EFAF0BA001B4E86 /* DocumentsDirectoryService.swift */; };
		611C7E911F07E73500EECC1E /* Constants.swift in Sources */ = {isa = PBXBuildFile; fileRef = 611C7E901F07E73500EECC1E /* Constants.swift */; };
		611C7E951F07F14400EECC1E /* AudioFile.swift in Sources */ = {isa = PBXBuildFile; fileRef = 611C7E941F07F14400EECC1E /* AudioFile.swift */; };
		611C7E971F082C0E00EECC1E /* AudioProcessing.swift in Sources */ = {isa = PBXBuildFile; fileRef = 611C7E961F082C0E00EECC1E /* AudioProcessing.swift */; };
		614B2D351EF6FF9C006922E4 /* AppDelegate.swift in Sources */ = {isa = PBXBuildFile; fileRef = 614B2D341EF6FF9C006922E4 /* AppDelegate.swift */; };
		614B2D3C1EF6FF9C006922E4 /* Assets.xcassets in Resources */ = {isa = PBXBuildFile; fileRef = 614B2D3B1EF6FF9C006922E4 /* Assets.xcassets */; };
		614B2D3F1EF6FF9C006922E4 /* LaunchScreen.storyboard in Resources */ = {isa = PBXBuildFile; fileRef = 614B2D3D1EF6FF9C006922E4 /* LaunchScreen.storyboard */; };
		614B2D4A1EF6FF9C006922E4 /* Voice_RecorderTests.swift in Sources */ = {isa = PBXBuildFile; fileRef = 614B2D491EF6FF9C006922E4 /* Voice_RecorderTests.swift */; };
		614B2D551EF6FF9C006922E4 /* Voice_RecorderUITests.swift in Sources */ = {isa = PBXBuildFile; fileRef = 614B2D541EF6FF9C006922E4 /* Voice_RecorderUITests.swift */; };
		616B62A11F084A0000CABFD5 /* RecordingManager.swift in Sources */ = {isa = PBXBuildFile; fileRef = 616B62A01F084A0000CABFD5 /* RecordingManager.swift */; };
		616B62A31F084A0C00CABFD5 /* PlayerManager.swift in Sources */ = {isa = PBXBuildFile; fileRef = 616B62A21F084A0C00CABFD5 /* PlayerManager.swift */; };
/* End PBXBuildFile section */

/* Begin PBXContainerItemProxy section */
		614B2D461EF6FF9C006922E4 /* PBXContainerItemProxy */ = {
			isa = PBXContainerItemProxy;
			containerPortal = 614B2D291EF6FF9C006922E4 /* Project object */;
			proxyType = 1;
			remoteGlobalIDString = 614B2D301EF6FF9C006922E4;
			remoteInfo = "Voice Recorder";
		};
		614B2D511EF6FF9C006922E4 /* PBXContainerItemProxy */ = {
			isa = PBXContainerItemProxy;
			containerPortal = 614B2D291EF6FF9C006922E4 /* Project object */;
			proxyType = 1;
			remoteGlobalIDString = 614B2D301EF6FF9C006922E4;
			remoteInfo = "Voice Recorder";
		};
/* End PBXContainerItemProxy section */

/* Begin PBXFileReference section */
		1109E0521F08D8DC0074A97C /* RecordingListCell.swift */ = {isa = PBXFileReference; fileEncoding = 4; lastKnownFileType = sourcecode.swift; path = RecordingListCell.swift; sourceTree = "<group>"; };
		1109E0531F08D8DC0074A97C /* RecordingListCell.xib */ = {isa = PBXFileReference; fileEncoding = 4; lastKnownFileType = file.xib; path = RecordingListCell.xib; sourceTree = "<group>"; };
		1109E05B1F08D93A0074A97C /* TimerView.swift */ = {isa = PBXFileReference; fileEncoding = 4; lastKnownFileType = sourcecode.swift; path = TimerView.swift; sourceTree = "<group>"; };
		1109E05C1F08D93A0074A97C /* TimerView.xib */ = {isa = PBXFileReference; fileEncoding = 4; lastKnownFileType = file.xib; path = TimerView.xib; sourceTree = "<group>"; };
		610DFD7A1F058C1800420E95 /* Main.storyboard */ = {isa = PBXFileReference; fileEncoding = 4; lastKnownFileType = file.storyboard; path = Main.storyboard; sourceTree = "<group>"; };
		610DFD841F05A6F500420E95 /* AddEffectsViewController.swift */ = {isa = PBXFileReference; fileEncoding = 4; lastKnownFileType = sourcecode.swift; path = AddEffectsViewController.swift; sourceTree = "<group>"; };
		610DFD851F05A6F500420E95 /* RecordingsListViewController.swift */ = {isa = PBXFileReference; fileEncoding = 4; lastKnownFileType = sourcecode.swift; path = RecordingsListViewController.swift; sourceTree = "<group>"; };
		610DFD861F05A6F500420E95 /* RecordViewController.swift */ = {isa = PBXFileReference; fileEncoding = 4; lastKnownFileType = sourcecode.swift; path = RecordViewController.swift; sourceTree = "<group>"; };
		6119E50B1EFAF041001B4E86 /* ShowAlertService.swift */ = {isa = PBXFileReference; fileEncoding = 4; lastKnownFileType = sourcecode.swift; path = ShowAlertService.swift; sourceTree = "<group>"; };
		6119E50D1EFAF0BA001B4E86 /* DocumentsDirectoryService.swift */ = {isa = PBXFileReference; fileEncoding = 4; lastKnownFileType = sourcecode.swift; path = DocumentsDirectoryService.swift; sourceTree = "<group>"; };
		611C7E901F07E73500EECC1E /* Constants.swift */ = {isa = PBXFileReference; fileEncoding = 4; lastKnownFileType = sourcecode.swift; path = Constants.swift; sourceTree = "<group>"; };
		611C7E941F07F14400EECC1E /* AudioFile.swift */ = {isa = PBXFileReference; fileEncoding = 4; lastKnownFileType = sourcecode.swift; path = AudioFile.swift; sourceTree = "<group>"; };
		611C7E961F082C0E00EECC1E /* AudioProcessing.swift */ = {isa = PBXFileReference; fileEncoding = 4; lastKnownFileType = sourcecode.swift; path = AudioProcessing.swift; sourceTree = "<group>"; };
		614B2D311EF6FF9C006922E4 /* Voice Recorder.app */ = {isa = PBXFileReference; explicitFileType = wrapper.application; includeInIndex = 0; path = "Voice Recorder.app"; sourceTree = BUILT_PRODUCTS_DIR; };
		614B2D341EF6FF9C006922E4 /* AppDelegate.swift */ = {isa = PBXFileReference; lastKnownFileType = sourcecode.swift; path = AppDelegate.swift; sourceTree = "<group>"; };
		614B2D3B1EF6FF9C006922E4 /* Assets.xcassets */ = {isa = PBXFileReference; lastKnownFileType = folder.assetcatalog; path = Assets.xcassets; sourceTree = "<group>"; };
		614B2D3E1EF6FF9C006922E4 /* Base */ = {isa = PBXFileReference; lastKnownFileType = file.storyboard; name = Base; path = Base.lproj/LaunchScreen.storyboard; sourceTree = "<group>"; };
		614B2D401EF6FF9C006922E4 /* Info.plist */ = {isa = PBXFileReference; lastKnownFileType = text.plist.xml; path = Info.plist; sourceTree = "<group>"; };
		614B2D451EF6FF9C006922E4 /* Voice RecorderTests.xctest */ = {isa = PBXFileReference; explicitFileType = wrapper.cfbundle; includeInIndex = 0; path = "Voice RecorderTests.xctest"; sourceTree = BUILT_PRODUCTS_DIR; };
		614B2D491EF6FF9C006922E4 /* Voice_RecorderTests.swift */ = {isa = PBXFileReference; lastKnownFileType = sourcecode.swift; path = Voice_RecorderTests.swift; sourceTree = "<group>"; };
		614B2D4B1EF6FF9C006922E4 /* Info.plist */ = {isa = PBXFileReference; lastKnownFileType = text.plist.xml; path = Info.plist; sourceTree = "<group>"; };
		614B2D501EF6FF9C006922E4 /* Voice RecorderUITests.xctest */ = {isa = PBXFileReference; explicitFileType = wrapper.cfbundle; includeInIndex = 0; path = "Voice RecorderUITests.xctest"; sourceTree = BUILT_PRODUCTS_DIR; };
		614B2D541EF6FF9C006922E4 /* Voice_RecorderUITests.swift */ = {isa = PBXFileReference; lastKnownFileType = sourcecode.swift; path = Voice_RecorderUITests.swift; sourceTree = "<group>"; };
		614B2D561EF6FF9C006922E4 /* Info.plist */ = {isa = PBXFileReference; lastKnownFileType = text.plist.xml; path = Info.plist; sourceTree = "<group>"; };
		616B62A01F084A0000CABFD5 /* RecordingManager.swift */ = {isa = PBXFileReference; fileEncoding = 4; lastKnownFileType = sourcecode.swift; path = RecordingManager.swift; sourceTree = "<group>"; };
		616B62A21F084A0C00CABFD5 /* PlayerManager.swift */ = {isa = PBXFileReference; fileEncoding = 4; lastKnownFileType = sourcecode.swift; path = PlayerManager.swift; sourceTree = "<group>"; };
/* End PBXFileReference section */

/* Begin PBXFrameworksBuildPhase section */
		614B2D2E1EF6FF9C006922E4 /* Frameworks */ = {
			isa = PBXFrameworksBuildPhase;
			buildActionMask = 2147483647;
			files = (
			);
			runOnlyForDeploymentPostprocessing = 0;
		};
		614B2D421EF6FF9C006922E4 /* Frameworks */ = {
			isa = PBXFrameworksBuildPhase;
			buildActionMask = 2147483647;
			files = (
			);
			runOnlyForDeploymentPostprocessing = 0;
		};
		614B2D4D1EF6FF9C006922E4 /* Frameworks */ = {
			isa = PBXFrameworksBuildPhase;
			buildActionMask = 2147483647;
			files = (
			);
			runOnlyForDeploymentPostprocessing = 0;
		};
/* End PBXFrameworksBuildPhase section */

/* Begin PBXGroup section */
		1109E04F1F08D8DC0074A97C /* SubViews */ = {
			isa = PBXGroup;
			children = (
				1109E0501F08D8DC0074A97C /* TableViewCells */,
			);
			path = SubViews;
			sourceTree = "<group>";
		};
		1109E0501F08D8DC0074A97C /* TableViewCells */ = {
			isa = PBXGroup;
			children = (
				1109E0561F08D9000074A97C /* TimerView */,
				1109E0511F08D8DC0074A97C /* RecordingListCell */,
			);
			path = TableViewCells;
			sourceTree = "<group>";
		};
		1109E0511F08D8DC0074A97C /* RecordingListCell */ = {
			isa = PBXGroup;
			children = (
				1109E0521F08D8DC0074A97C /* RecordingListCell.swift */,
				1109E0531F08D8DC0074A97C /* RecordingListCell.xib */,
			);
			path = RecordingListCell;
			sourceTree = "<group>";
		};
		1109E0561F08D9000074A97C /* TimerView */ = {
			isa = PBXGroup;
			children = (
				1109E05B1F08D93A0074A97C /* TimerView.swift */,
				1109E05C1F08D93A0074A97C /* TimerView.xib */,
			);
			path = TimerView;
			sourceTree = "<group>";
		};
		610DFD791F058C1800420E95 /* MainStoryboards */ = {
			isa = PBXGroup;
			children = (
				610DFD7A1F058C1800420E95 /* Main.storyboard */,
			);
			path = MainStoryboards;
			sourceTree = "<group>";
		};
		610DFD831F05A6F500420E95 /* MainViewControllers */ = {
			isa = PBXGroup;
			children = (
				610DFD861F05A6F500420E95 /* RecordViewController.swift */,
				610DFD841F05A6F500420E95 /* AddEffectsViewController.swift */,
				610DFD851F05A6F500420E95 /* RecordingsListViewController.swift */,
			);
			path = MainViewControllers;
			sourceTree = "<group>";
		};
		6119E5061EFAF017001B4E86 /* ServiceClasses */ = {
			isa = PBXGroup;
			children = (
				6119E50B1EFAF041001B4E86 /* ShowAlertService.swift */,
				6119E50D1EFAF0BA001B4E86 /* DocumentsDirectoryService.swift */,
				611C7E961F082C0E00EECC1E /* AudioProcessing.swift */,
				616B62A01F084A0000CABFD5 /* RecordingManager.swift */,
				616B62A21F084A0C00CABFD5 /* PlayerManager.swift */,
			);
			path = ServiceClasses;
			sourceTree = "<group>";
		};
		611C7E8F1F07E72800EECC1E /* Constants */ = {
			isa = PBXGroup;
			children = (
				611C7E901F07E73500EECC1E /* Constants.swift */,
			);
			path = Constants;
			sourceTree = "<group>";
		};
		611C7E931F07F12E00EECC1E /* Entities */ = {
			isa = PBXGroup;
			children = (
				611C7E941F07F14400EECC1E /* AudioFile.swift */,
			);
			path = Entities;
			sourceTree = "<group>";
		};
		614B2D281EF6FF9C006922E4 = {
			isa = PBXGroup;
			children = (
				614B2D331EF6FF9C006922E4 /* Voice Recorder */,
				614B2D481EF6FF9C006922E4 /* Voice RecorderTests */,
				614B2D531EF6FF9C006922E4 /* Voice RecorderUITests */,
				614B2D321EF6FF9C006922E4 /* Products */,
			);
			sourceTree = "<group>";
		};
		614B2D321EF6FF9C006922E4 /* Products */ = {
			isa = PBXGroup;
			children = (
				614B2D311EF6FF9C006922E4 /* Voice Recorder.app */,
				614B2D451EF6FF9C006922E4 /* Voice RecorderTests.xctest */,
				614B2D501EF6FF9C006922E4 /* Voice RecorderUITests.xctest */,
			);
			name = Products;
			sourceTree = "<group>";
		};
		614B2D331EF6FF9C006922E4 /* Voice Recorder */ = {
			isa = PBXGroup;
			children = (
				614B2D341EF6FF9C006922E4 /* AppDelegate.swift */,
				611C7E931F07F12E00EECC1E /* Entities */,
				611C7E8F1F07E72800EECC1E /* Constants */,
				6119E5061EFAF017001B4E86 /* ServiceClasses */,
				610DFD831F05A6F500420E95 /* MainViewControllers */,
				610DFD791F058C1800420E95 /* MainStoryboards */,
				1109E04F1F08D8DC0074A97C /* SubViews */,
				614B2D3B1EF6FF9C006922E4 /* Assets.xcassets */,
				614B2D3D1EF6FF9C006922E4 /* LaunchScreen.storyboard */,
				614B2D401EF6FF9C006922E4 /* Info.plist */,
			);
			path = "Voice Recorder";
			sourceTree = "<group>";
		};
		614B2D481EF6FF9C006922E4 /* Voice RecorderTests */ = {
			isa = PBXGroup;
			children = (
				614B2D491EF6FF9C006922E4 /* Voice_RecorderTests.swift */,
				614B2D4B1EF6FF9C006922E4 /* Info.plist */,
			);
			path = "Voice RecorderTests";
			sourceTree = "<group>";
		};
		614B2D531EF6FF9C006922E4 /* Voice RecorderUITests */ = {
			isa = PBXGroup;
			children = (
				614B2D541EF6FF9C006922E4 /* Voice_RecorderUITests.swift */,
				614B2D561EF6FF9C006922E4 /* Info.plist */,
			);
			path = "Voice RecorderUITests";
			sourceTree = "<group>";
		};
/* End PBXGroup section */

/* Begin PBXNativeTarget section */
		614B2D301EF6FF9C006922E4 /* Voice Recorder */ = {
			isa = PBXNativeTarget;
			buildConfigurationList = 614B2D591EF6FF9C006922E4 /* Build configuration list for PBXNativeTarget "Voice Recorder" */;
			buildPhases = (
				614B2D2D1EF6FF9C006922E4 /* Sources */,
				614B2D2E1EF6FF9C006922E4 /* Frameworks */,
				614B2D2F1EF6FF9C006922E4 /* Resources */,
			);
			buildRules = (
			);
			dependencies = (
			);
			name = "Voice Recorder";
			productName = "Voice Recorder";
			productReference = 614B2D311EF6FF9C006922E4 /* Voice Recorder.app */;
			productType = "com.apple.product-type.application";
		};
		614B2D441EF6FF9C006922E4 /* Voice RecorderTests */ = {
			isa = PBXNativeTarget;
			buildConfigurationList = 614B2D5C1EF6FF9C006922E4 /* Build configuration list for PBXNativeTarget "Voice RecorderTests" */;
			buildPhases = (
				614B2D411EF6FF9C006922E4 /* Sources */,
				614B2D421EF6FF9C006922E4 /* Frameworks */,
				614B2D431EF6FF9C006922E4 /* Resources */,
			);
			buildRules = (
			);
			dependencies = (
				614B2D471EF6FF9C006922E4 /* PBXTargetDependency */,
			);
			name = "Voice RecorderTests";
			productName = "Voice RecorderTests";
			productReference = 614B2D451EF6FF9C006922E4 /* Voice RecorderTests.xctest */;
			productType = "com.apple.product-type.bundle.unit-test";
		};
		614B2D4F1EF6FF9C006922E4 /* Voice RecorderUITests */ = {
			isa = PBXNativeTarget;
			buildConfigurationList = 614B2D5F1EF6FF9C006922E4 /* Build configuration list for PBXNativeTarget "Voice RecorderUITests" */;
			buildPhases = (
				614B2D4C1EF6FF9C006922E4 /* Sources */,
				614B2D4D1EF6FF9C006922E4 /* Frameworks */,
				614B2D4E1EF6FF9C006922E4 /* Resources */,
			);
			buildRules = (
			);
			dependencies = (
				614B2D521EF6FF9C006922E4 /* PBXTargetDependency */,
			);
			name = "Voice RecorderUITests";
			productName = "Voice RecorderUITests";
			productReference = 614B2D501EF6FF9C006922E4 /* Voice RecorderUITests.xctest */;
			productType = "com.apple.product-type.bundle.ui-testing";
		};
/* End PBXNativeTarget section */

/* Begin PBXProject section */
		614B2D291EF6FF9C006922E4 /* Project object */ = {
			isa = PBXProject;
			attributes = {
				LastSwiftUpdateCheck = 0830;
				LastUpgradeCheck = 0830;
				ORGANIZATIONNAME = AamirBaig;
				TargetAttributes = {
					614B2D301EF6FF9C006922E4 = {
						CreatedOnToolsVersion = 8.3.3;
						DevelopmentTeam = 6N2H5889BZ;
						ProvisioningStyle = Automatic;
					};
					614B2D441EF6FF9C006922E4 = {
						CreatedOnToolsVersion = 8.3.3;
						DevelopmentTeam = 6N2H5889BZ;
						ProvisioningStyle = Automatic;
						TestTargetID = 614B2D301EF6FF9C006922E4;
					};
					614B2D4F1EF6FF9C006922E4 = {
						CreatedOnToolsVersion = 8.3.3;
						DevelopmentTeam = 6N2H5889BZ;
						ProvisioningStyle = Automatic;
						TestTargetID = 614B2D301EF6FF9C006922E4;
					};
				};
			};
			buildConfigurationList = 614B2D2C1EF6FF9C006922E4 /* Build configuration list for PBXProject "Voice Recorder" */;
			compatibilityVersion = "Xcode 3.2";
			developmentRegion = English;
			hasScannedForEncodings = 0;
			knownRegions = (
				en,
				Base,
			);
			mainGroup = 614B2D281EF6FF9C006922E4;
			productRefGroup = 614B2D321EF6FF9C006922E4 /* Products */;
			projectDirPath = "";
			projectRoot = "";
			targets = (
				614B2D301EF6FF9C006922E4 /* Voice Recorder */,
				614B2D441EF6FF9C006922E4 /* Voice RecorderTests */,
				614B2D4F1EF6FF9C006922E4 /* Voice RecorderUITests */,
			);
		};
/* End PBXProject section */

/* Begin PBXResourcesBuildPhase section */
		614B2D2F1EF6FF9C006922E4 /* Resources */ = {
			isa = PBXResourcesBuildPhase;
			buildActionMask = 2147483647;
			files = (
				1109E05E1F08D93A0074A97C /* TimerView.xib in Resources */,
				614B2D3F1EF6FF9C006922E4 /* LaunchScreen.storyboard in Resources */,
				610DFD7E1F058C1800420E95 /* Main.storyboard in Resources */,
				614B2D3C1EF6FF9C006922E4 /* Assets.xcassets in Resources */,
				1109E0551F08D8DC0074A97C /* RecordingListCell.xib in Resources */,
			);
			runOnlyForDeploymentPostprocessing = 0;
		};
		614B2D431EF6FF9C006922E4 /* Resources */ = {
			isa = PBXResourcesBuildPhase;
			buildActionMask = 2147483647;
			files = (
			);
			runOnlyForDeploymentPostprocessing = 0;
		};
		614B2D4E1EF6FF9C006922E4 /* Resources */ = {
			isa = PBXResourcesBuildPhase;
			buildActionMask = 2147483647;
			files = (
			);
			runOnlyForDeploymentPostprocessing = 0;
		};
/* End PBXResourcesBuildPhase section */

/* Begin PBXSourcesBuildPhase section */
		614B2D2D1EF6FF9C006922E4 /* Sources */ = {
			isa = PBXSourcesBuildPhase;
			buildActionMask = 2147483647;
			files = (
				611C7E951F07F14400EECC1E /* AudioFile.swift in Sources */,
				614B2D351EF6FF9C006922E4 /* AppDelegate.swift in Sources */,
				616B62A31F084A0C00CABFD5 /* PlayerManager.swift in Sources */,
				610DFD891F05A6F500420E95 /* RecordViewController.swift in Sources */,
				6119E50C1EFAF041001B4E86 /* ShowAlertService.swift in Sources */,
				1109E05D1F08D93A0074A97C /* TimerView.swift in Sources */,
				611C7E971F082C0E00EECC1E /* AudioProcessing.swift in Sources */,
				616B62A11F084A0000CABFD5 /* RecordingManager.swift in Sources */,
				1109E0541F08D8DC0074A97C /* RecordingListCell.swift in Sources */,
				6119E50E1EFAF0BA001B4E86 /* DocumentsDirectoryService.swift in Sources */,
				610DFD881F05A6F500420E95 /* RecordingsListViewController.swift in Sources */,
				610DFD871F05A6F500420E95 /* AddEffectsViewController.swift in Sources */,
				611C7E911F07E73500EECC1E /* Constants.swift in Sources */,
			);
			runOnlyForDeploymentPostprocessing = 0;
		};
		614B2D411EF6FF9C006922E4 /* Sources */ = {
			isa = PBXSourcesBuildPhase;
			buildActionMask = 2147483647;
			files = (
				614B2D4A1EF6FF9C006922E4 /* Voice_RecorderTests.swift in Sources */,
			);
			runOnlyForDeploymentPostprocessing = 0;
		};
		614B2D4C1EF6FF9C006922E4 /* Sources */ = {
			isa = PBXSourcesBuildPhase;
			buildActionMask = 2147483647;
			files = (
				614B2D551EF6FF9C006922E4 /* Voice_RecorderUITests.swift in Sources */,
			);
			runOnlyForDeploymentPostprocessing = 0;
		};
/* End PBXSourcesBuildPhase section */

/* Begin PBXTargetDependency section */
		614B2D471EF6FF9C006922E4 /* PBXTargetDependency */ = {
			isa = PBXTargetDependency;
			target = 614B2D301EF6FF9C006922E4 /* Voice Recorder */;
			targetProxy = 614B2D461EF6FF9C006922E4 /* PBXContainerItemProxy */;
		};
		614B2D521EF6FF9C006922E4 /* PBXTargetDependency */ = {
			isa = PBXTargetDependency;
			target = 614B2D301EF6FF9C006922E4 /* Voice Recorder */;
			targetProxy = 614B2D511EF6FF9C006922E4 /* PBXContainerItemProxy */;
		};
/* End PBXTargetDependency section */

/* Begin PBXVariantGroup section */
		614B2D3D1EF6FF9C006922E4 /* LaunchScreen.storyboard */ = {
			isa = PBXVariantGroup;
			children = (
				614B2D3E1EF6FF9C006922E4 /* Base */,
			);
			name = LaunchScreen.storyboard;
			sourceTree = "<group>";
		};
/* End PBXVariantGroup section */

/* Begin XCBuildConfiguration section */
		614B2D571EF6FF9C006922E4 /* Debug */ = {
			isa = XCBuildConfiguration;
			buildSettings = {
				ALWAYS_SEARCH_USER_PATHS = NO;
				CLANG_ANALYZER_NONNULL = YES;
				CLANG_ANALYZER_NUMBER_OBJECT_CONVERSION = YES_AGGRESSIVE;
				CLANG_CXX_LANGUAGE_STANDARD = "gnu++0x";
				CLANG_CXX_LIBRARY = "libc++";
				CLANG_ENABLE_MODULES = YES;
				CLANG_ENABLE_OBJC_ARC = YES;
				CLANG_WARN_BOOL_CONVERSION = YES;
				CLANG_WARN_CONSTANT_CONVERSION = YES;
				CLANG_WARN_DIRECT_OBJC_ISA_USAGE = YES_ERROR;
				CLANG_WARN_DOCUMENTATION_COMMENTS = YES;
				CLANG_WARN_EMPTY_BODY = YES;
				CLANG_WARN_ENUM_CONVERSION = YES;
				CLANG_WARN_INFINITE_RECURSION = YES;
				CLANG_WARN_INT_CONVERSION = YES;
				CLANG_WARN_OBJC_ROOT_CLASS = YES_ERROR;
				CLANG_WARN_SUSPICIOUS_MOVE = YES;
				CLANG_WARN_UNREACHABLE_CODE = YES;
				CLANG_WARN__DUPLICATE_METHOD_MATCH = YES;
				"CODE_SIGN_IDENTITY[sdk=iphoneos*]" = "iPhone Developer";
				COPY_PHASE_STRIP = NO;
				DEBUG_INFORMATION_FORMAT = dwarf;
				ENABLE_STRICT_OBJC_MSGSEND = YES;
				ENABLE_TESTABILITY = YES;
				GCC_C_LANGUAGE_STANDARD = gnu99;
				GCC_DYNAMIC_NO_PIC = NO;
				GCC_NO_COMMON_BLOCKS = YES;
				GCC_OPTIMIZATION_LEVEL = 0;
				GCC_PREPROCESSOR_DEFINITIONS = (
					"DEBUG=1",
					"$(inherited)",
				);
				GCC_WARN_64_TO_32_BIT_CONVERSION = YES;
				GCC_WARN_ABOUT_RETURN_TYPE = YES_ERROR;
				GCC_WARN_UNDECLARED_SELECTOR = YES;
				GCC_WARN_UNINITIALIZED_AUTOS = YES_AGGRESSIVE;
				GCC_WARN_UNUSED_FUNCTION = YES;
				GCC_WARN_UNUSED_VARIABLE = YES;
				IPHONEOS_DEPLOYMENT_TARGET = 10.3;
				MTL_ENABLE_DEBUG_INFO = YES;
				ONLY_ACTIVE_ARCH = YES;
				SDKROOT = iphoneos;
				SWIFT_ACTIVE_COMPILATION_CONDITIONS = DEBUG;
				SWIFT_OPTIMIZATION_LEVEL = "-Onone";
				TARGETED_DEVICE_FAMILY = "1,2";
			};
			name = Debug;
		};
		614B2D581EF6FF9C006922E4 /* Release */ = {
			isa = XCBuildConfiguration;
			buildSettings = {
				ALWAYS_SEARCH_USER_PATHS = NO;
				CLANG_ANALYZER_NONNULL = YES;
				CLANG_ANALYZER_NUMBER_OBJECT_CONVERSION = YES_AGGRESSIVE;
				CLANG_CXX_LANGUAGE_STANDARD = "gnu++0x";
				CLANG_CXX_LIBRARY = "libc++";
				CLANG_ENABLE_MODULES = YES;
				CLANG_ENABLE_OBJC_ARC = YES;
				CLANG_WARN_BOOL_CONVERSION = YES;
				CLANG_WARN_CONSTANT_CONVERSION = YES;
				CLANG_WARN_DIRECT_OBJC_ISA_USAGE = YES_ERROR;
				CLANG_WARN_DOCUMENTATION_COMMENTS = YES;
				CLANG_WARN_EMPTY_BODY = YES;
				CLANG_WARN_ENUM_CONVERSION = YES;
				CLANG_WARN_INFINITE_RECURSION = YES;
				CLANG_WARN_INT_CONVERSION = YES;
				CLANG_WARN_OBJC_ROOT_CLASS = YES_ERROR;
				CLANG_WARN_SUSPICIOUS_MOVE = YES;
				CLANG_WARN_UNREACHABLE_CODE = YES;
				CLANG_WARN__DUPLICATE_METHOD_MATCH = YES;
				"CODE_SIGN_IDENTITY[sdk=iphoneos*]" = "iPhone Developer";
				COPY_PHASE_STRIP = NO;
				DEBUG_INFORMATION_FORMAT = "dwarf-with-dsym";
				ENABLE_NS_ASSERTIONS = NO;
				ENABLE_STRICT_OBJC_MSGSEND = YES;
				GCC_C_LANGUAGE_STANDARD = gnu99;
				GCC_NO_COMMON_BLOCKS = YES;
				GCC_WARN_64_TO_32_BIT_CONVERSION = YES;
				GCC_WARN_ABOUT_RETURN_TYPE = YES_ERROR;
				GCC_WARN_UNDECLARED_SELECTOR = YES;
				GCC_WARN_UNINITIALIZED_AUTOS = YES_AGGRESSIVE;
				GCC_WARN_UNUSED_FUNCTION = YES;
				GCC_WARN_UNUSED_VARIABLE = YES;
				IPHONEOS_DEPLOYMENT_TARGET = 10.3;
				MTL_ENABLE_DEBUG_INFO = NO;
				SDKROOT = iphoneos;
				SWIFT_OPTIMIZATION_LEVEL = "-Owholemodule";
				TARGETED_DEVICE_FAMILY = "1,2";
				VALIDATE_PRODUCT = YES;
			};
			name = Release;
		};
		614B2D5A1EF6FF9C006922E4 /* Debug */ = {
			isa = XCBuildConfiguration;
			buildSettings = {
				ASSETCATALOG_COMPILER_APPICON_NAME = AppIcon;
				DEVELOPMENT_TEAM = 6N2H5889BZ;
				INFOPLIST_FILE = "Voice Recorder/Info.plist";
				LD_RUNPATH_SEARCH_PATHS = "$(inherited) @executable_path/Frameworks";
				PRODUCT_BUNDLE_IDENTIFIER = "AamirBaig.Voice-Recorder";
				PRODUCT_NAME = "$(TARGET_NAME)";
				SWIFT_VERSION = 3.0;
			};
			name = Debug;
		};
		614B2D5B1EF6FF9C006922E4 /* Release */ = {
			isa = XCBuildConfiguration;
			buildSettings = {
				ASSETCATALOG_COMPILER_APPICON_NAME = AppIcon;
				DEVELOPMENT_TEAM = 6N2H5889BZ;
				INFOPLIST_FILE = "Voice Recorder/Info.plist";
				LD_RUNPATH_SEARCH_PATHS = "$(inherited) @executable_path/Frameworks";
				PRODUCT_BUNDLE_IDENTIFIER = "AamirBaig.Voice-Recorder";
				PRODUCT_NAME = "$(TARGET_NAME)";
				SWIFT_VERSION = 3.0;
			};
			name = Release;
		};
		614B2D5D1EF6FF9C006922E4 /* Debug */ = {
			isa = XCBuildConfiguration;
			buildSettings = {
				ALWAYS_EMBED_SWIFT_STANDARD_LIBRARIES = YES;
				BUNDLE_LOADER = "$(TEST_HOST)";
				DEVELOPMENT_TEAM = 6N2H5889BZ;
				INFOPLIST_FILE = "Voice RecorderTests/Info.plist";
				LD_RUNPATH_SEARCH_PATHS = "$(inherited) @executable_path/Frameworks @loader_path/Frameworks";
				PRODUCT_BUNDLE_IDENTIFIER = "AamirBaig.Voice-RecorderTests";
				PRODUCT_NAME = "$(TARGET_NAME)";
				SWIFT_VERSION = 3.0;
				TEST_HOST = "$(BUILT_PRODUCTS_DIR)/Voice Recorder.app/Voice Recorder";
			};
			name = Debug;
		};
		614B2D5E1EF6FF9C006922E4 /* Release */ = {
			isa = XCBuildConfiguration;
			buildSettings = {
				ALWAYS_EMBED_SWIFT_STANDARD_LIBRARIES = YES;
				BUNDLE_LOADER = "$(TEST_HOST)";
				DEVELOPMENT_TEAM = 6N2H5889BZ;
				INFOPLIST_FILE = "Voice RecorderTests/Info.plist";
				LD_RUNPATH_SEARCH_PATHS = "$(inherited) @executable_path/Frameworks @loader_path/Frameworks";
				PRODUCT_BUNDLE_IDENTIFIER = "AamirBaig.Voice-RecorderTests";
				PRODUCT_NAME = "$(TARGET_NAME)";
				SWIFT_VERSION = 3.0;
				TEST_HOST = "$(BUILT_PRODUCTS_DIR)/Voice Recorder.app/Voice Recorder";
			};
			name = Release;
		};
		614B2D601EF6FF9C006922E4 /* Debug */ = {
			isa = XCBuildConfiguration;
			buildSettings = {
				ALWAYS_EMBED_SWIFT_STANDARD_LIBRARIES = YES;
				DEVELOPMENT_TEAM = 6N2H5889BZ;
				INFOPLIST_FILE = "Voice RecorderUITests/Info.plist";
				LD_RUNPATH_SEARCH_PATHS = "$(inherited) @executable_path/Frameworks @loader_path/Frameworks";
				PRODUCT_BUNDLE_IDENTIFIER = "AamirBaig.Voice-RecorderUITests";
				PRODUCT_NAME = "$(TARGET_NAME)";
				SWIFT_VERSION = 3.0;
				TEST_TARGET_NAME = "Voice Recorder";
			};
			name = Debug;
		};
		614B2D611EF6FF9C006922E4 /* Release */ = {
			isa = XCBuildConfiguration;
			buildSettings = {
				ALWAYS_EMBED_SWIFT_STANDARD_LIBRARIES = YES;
				DEVELOPMENT_TEAM = 6N2H5889BZ;
				INFOPLIST_FILE = "Voice RecorderUITests/Info.plist";
				LD_RUNPATH_SEARCH_PATHS = "$(inherited) @executable_path/Frameworks @loader_path/Frameworks";
				PRODUCT_BUNDLE_IDENTIFIER = "AamirBaig.Voice-RecorderUITests";
				PRODUCT_NAME = "$(TARGET_NAME)";
				SWIFT_VERSION = 3.0;
				TEST_TARGET_NAME = "Voice Recorder";
			};
			name = Release;
		};
/* End XCBuildConfiguration section */

/* Begin XCConfigurationList section */
		614B2D2C1EF6FF9C006922E4 /* Build configuration list for PBXProject "Voice Recorder" */ = {
			isa = XCConfigurationList;
			buildConfigurations = (
				614B2D571EF6FF9C006922E4 /* Debug */,
				614B2D581EF6FF9C006922E4 /* Release */,
			);
			defaultConfigurationIsVisible = 0;
			defaultConfigurationName = Release;
		};
		614B2D591EF6FF9C006922E4 /* Build configuration list for PBXNativeTarget "Voice Recorder" */ = {
			isa = XCConfigurationList;
			buildConfigurations = (
				614B2D5A1EF6FF9C006922E4 /* Debug */,
				614B2D5B1EF6FF9C006922E4 /* Release */,
			);
			defaultConfigurationIsVisible = 0;
			defaultConfigurationName = Release;
		};
		614B2D5C1EF6FF9C006922E4 /* Build configuration list for PBXNativeTarget "Voice RecorderTests" */ = {
			isa = XCConfigurationList;
			buildConfigurations = (
				614B2D5D1EF6FF9C006922E4 /* Debug */,
				614B2D5E1EF6FF9C006922E4 /* Release */,
			);
			defaultConfigurationIsVisible = 0;
			defaultConfigurationName = Release;
		};
		614B2D5F1EF6FF9C006922E4 /* Build configuration list for PBXNativeTarget "Voice RecorderUITests" */ = {
			isa = XCConfigurationList;
			buildConfigurations = (
				614B2D601EF6FF9C006922E4 /* Debug */,
				614B2D611EF6FF9C006922E4 /* Release */,
			);
			defaultConfigurationIsVisible = 0;
			defaultConfigurationName = Release;
		};
/* End XCConfigurationList section */
	};
	rootObject = 614B2D291EF6FF9C006922E4 /* Project object */;
}
